
Microsoft Visual Studio Solution File, Format Version 11.00
# Visual Studio 2010
Project("{FAE04EC0-301F-11D3-BF4B-00C04F79EFBC}") = "Lab10", "Assembly-CSharp-firstpass.csproj", "{C9C14DF6-6281-9413-6340-E27A5281CDF5}"
EndProject
Project("{FAE04EC0-301F-11D3-BF4B-00C04F79EFBC}") = "Lab10", "Assembly-CSharp.csproj", "{F8EFA8D9-6B3F-9BDC-6947-48FAF94463A0}"
EndProject
Project("{FAE04EC0-301F-11D3-BF4B-00C04F79EFBC}") = "Lab10", "Assembly-CSharp-Editor-firstpass.csproj", "{D895A728-9A12-425B-FCFC-EEC442C2A9B4}"
EndProject
Project("{FAE04EC0-301F-11D3-BF4B-00C04F79EFBC}") = "Lab10", "Assembly-CSharp-Editor.csproj", "{68FA0D1C-9A06-AF1D-87E0-940E018C3AB9}"
EndProject
Global
	GlobalSection(SolutionConfigurationPlatforms) = preSolution
		Debug|Any CPU = Debug|Any CPU
		Release|Any CPU = Release|Any CPU
	EndGlobalSection
	GlobalSection(ProjectConfigurationPlatforms) = postSolution
		{C9C14DF6-6281-9413-6340-E27A5281CDF5}.Debug|Any CPU.ActiveCfg = Debug|Any CPU
		{C9C14DF6-6281-9413-6340-E27A5281CDF5}.Debug|Any CPU.Build.0 = Debug|Any CPU
		{C9C14DF6-6281-9413-6340-E27A5281CDF5}.Release|Any CPU.ActiveCfg = Release|Any CPU
		{C9C14DF6-6281-9413-6340-E27A5281CDF5}.Release|Any CPU.Build.0 = Release|Any CPU
		{F8EFA8D9-6B3F-9BDC-6947-48FAF94463A0}.Debug|Any CPU.ActiveCfg = Debug|Any CPU
		{F8EFA8D9-6B3F-9BDC-6947-48FAF94463A0}.Debug|Any CPU.Build.0 = Debug|Any CPU
		{F8EFA8D9-6B3F-9BDC-6947-48FAF94463A0}.Release|Any CPU.ActiveCfg = Release|Any CPU
		{F8EFA8D9-6B3F-9BDC-6947-48FAF94463A0}.Release|Any CPU.Build.0 = Release|Any CPU
		{D895A728-9A12-425B-FCFC-EEC442C2A9B4}.Debug|Any CPU.ActiveCfg = Debug|Any CPU
		{D895A728-9A12-425B-FCFC-EEC442C2A9B4}.Debug|Any CPU.Build.0 = Debug|Any CPU
		{D895A728-9A12-425B-FCFC-EEC442C2A9B4}.Release|Any CPU.ActiveCfg = Release|Any CPU
		{D895A728-9A12-425B-FCFC-EEC442C2A9B4}.Release|Any CPU.Build.0 = Release|Any CPU
		{68FA0D1C-9A06-AF1D-87E0-940E018C3AB9}.Debug|Any CPU.ActiveCfg = Debug|Any CPU
		{68FA0D1C-9A06-AF1D-87E0-940E018C3AB9}.Debug|Any CPU.Build.0 = Debug|Any CPU
		{68FA0D1C-9A06-AF1D-87E0-940E018C3AB9}.Release|Any CPU.ActiveCfg = Release|Any CPU
		{68FA0D1C-9A06-AF1D-87E0-940E018C3AB9}.Release|Any CPU.Build.0 = Release|Any CPU
	EndGlobalSection
	GlobalSection(SolutionProperties) = preSolution
		HideSolutionNode = FALSE
	EndGlobalSection
	GlobalSection(MonoDevelopProperties) = preSolution
		StartupItem = Assembly-CSharp.csproj
	EndGlobalSection
EndGlobal
